
Microsoft Visual Studio Solution File, Format Version 12.00
# Visual Studio Version 16
VisualStudioVersion = 16.0.30011.22
MinimumVisualStudioVersion = 10.0.40219.1
Project("{FAE04EC0-301F-11D3-BF4B-00C04F79EFBC}") = "Masterclass_Linq_University", "Masterclass_Linq_University.csproj", "{28E609CD-B992-43CA-AA9E-34500D205B84}"
EndProject
Global
	GlobalSection(SolutionConfigurationPlatforms) = preSolution
		Debug|Any CPU = Debug|Any CPU
		Release|Any CPU = Release|Any CPU
	EndGlobalSection
	GlobalSection(ProjectConfigurationPlatforms) = postSolution
		{28E609CD-B992-43CA-AA9E-34500D205B84}.Debug|Any CPU.ActiveCfg = Debug|Any CPU
		{28E609CD-B992-43CA-AA9E-34500D205B84}.Debug|Any CPU.Build.0 = Debug|Any CPU
		{28E609CD-B992-43CA-AA9E-34500D205B84}.Release|Any CPU.ActiveCfg = Release|Any CPU
		{28E609CD-B992-43CA-AA9E-34500D205B84}.Release|Any CPU.Build.0 = Release|Any CPU
	EndGlobalSection
	GlobalSection(SolutionProperties) = preSolution
		HideSolutionNode = FALSE
	EndGlobalSection
	GlobalSection(ExtensibilityGlobals) = postSolution
		SolutionGuid = {B27B9D4B-782F-4AA7-9931-B0AD52693A96}
	EndGlobalSection
EndGlobal
